
Microsoft Visual Studio Solution File, Format Version 12.00
Project("{FAE04EC0-301F-11D3-BF4B-00C04F79EFBC}") = "MaterialTheme", "MaterialTheme.csproj", "{DB04C4F4-257B-4293-84FA-86423602B9A7}"
EndProject
Global
	GlobalSection(SolutionConfigurationPlatforms) = preSolution
		Debug|Any CPU = Debug|Any CPU
		Release|Any CPU = Release|Any CPU
	EndGlobalSection
	GlobalSection(ProjectConfigurationPlatforms) = postSolution
		{DB04C4F4-257B-4293-84FA-86423602B9A7}.Debug|Any CPU.ActiveCfg = Debug|Any CPU
		{DB04C4F4-257B-4293-84FA-86423602B9A7}.Debug|Any CPU.Build.0 = Debug|Any CPU
		{DB04C4F4-257B-4293-84FA-86423602B9A7}.Release|Any CPU.ActiveCfg = Release|Any CPU
		{DB04C4F4-257B-4293-84FA-86423602B9A7}.Release|Any CPU.Build.0 = Release|Any CPU
	EndGlobalSection
EndGlobal
